
Microsoft Visual Studio Solution File, Format Version 12.00
# Visual Studio Version 16
VisualStudioVersion = 16.0.29102.190
MinimumVisualStudioVersion = 10.0.40219.1
Project("{8BC9CEB8-8B4A-11D0-8D11-00A0C91BC942}") = "Arduino32bitBoards", "Arduino32bitBoards.vcxproj", "{A0A13E6E-0A7F-42F9-9695-68900BB2455D}"
EndProject
Project("{8BC9CEB8-8B4A-11D0-8D11-00A0C91BC942}") = "MMDevice-SharedRuntime", "..\..\MMDevice\MMDevice-SharedRuntime.vcxproj", "{B8C95F39-54BF-40A9-807B-598DF2821D55}"
EndProject
Global
	GlobalSection(SolutionConfigurationPlatforms) = preSolution
		Debug|x64 = Debug|x64
		Debug|x86 = Debug|x86
		Release|x64 = Release|x64
		Release|x86 = Release|x86
	EndGlobalSection
	GlobalSection(ProjectConfigurationPlatforms) = postSolution
		{A0A13E6E-0A7F-42F9-9695-68900BB2455D}.Debug|x64.ActiveCfg = Debug|x64
		{A0A13E6E-0A7F-42F9-9695-68900BB2455D}.Debug|x64.Build.0 = Debug|x64
		{A0A13E6E-0A7F-42F9-9695-68900BB2455D}.Debug|x86.ActiveCfg = Debug|Win32
		{A0A13E6E-0A7F-42F9-9695-68900BB2455D}.Debug|x86.Build.0 = Debug|Win32
		{A0A13E6E-0A7F-42F9-9695-68900BB2455D}.Release|x64.ActiveCfg = Release|x64
		{A0A13E6E-0A7F-42F9-9695-68900BB2455D}.Release|x64.Build.0 = Release|x64
		{A0A13E6E-0A7F-42F9-9695-68900BB2455D}.Release|x86.ActiveCfg = Release|Win32
		{A0A13E6E-0A7F-42F9-9695-68900BB2455D}.Release|x86.Build.0 = Release|Win32
		{B8C95F39-54BF-40A9-807B-598DF2821D55}.Debug|x64.ActiveCfg = Debug|x64
		{B8C95F39-54BF-40A9-807B-598DF2821D55}.Debug|x64.Build.0 = Debug|x64
		{B8C95F39-54BF-40A9-807B-598DF2821D55}.Debug|x86.ActiveCfg = Debug|Win32
		{B8C95F39-54BF-40A9-807B-598DF2821D55}.Debug|x86.Build.0 = Debug|Win32
		{B8C95F39-54BF-40A9-807B-598DF2821D55}.Release|x64.ActiveCfg = Release|x64
		{B8C95F39-54BF-40A9-807B-598DF2821D55}.Release|x64.Build.0 = Release|x64
		{B8C95F39-54BF-40A9-807B-598DF2821D55}.Release|x86.ActiveCfg = Release|Win32
		{B8C95F39-54BF-40A9-807B-598DF2821D55}.Release|x86.Build.0 = Release|Win32
	EndGlobalSection
	GlobalSection(SolutionProperties) = preSolution
		HideSolutionNode = FALSE
	EndGlobalSection
	GlobalSection(ExtensibilityGlobals) = postSolution
		SolutionGuid = {1B7C3FAF-FDDC-4BD5-A8B8-56A18BC821F3}
	EndGlobalSection
EndGlobal
